
Microsoft Visual Studio Solution File, Format Version 12.00
# Visual Studio Version 17
VisualStudioVersion = 17.1.32421.90
MinimumVisualStudioVersion = 10.0.40219.1
Project("{FAE04EC0-301F-11D3-BF4B-00C04F79EFBC}") = "Information System", "Information System\Information System.csproj", "{7D721D00-13FD-4C67-A4B0-5158D0CD526B}"
EndProject
Global
	GlobalSection(SolutionConfigurationPlatforms) = preSolution
		Debug|Any CPU = Debug|Any CPU
		Release|Any CPU = Release|Any CPU
	EndGlobalSection
	GlobalSection(ProjectConfigurationPlatforms) = postSolution
		{7D721D00-13FD-4C67-A4B0-5158D0CD526B}.Debug|Any CPU.ActiveCfg = Debug|Any CPU
		{7D721D00-13FD-4C67-A4B0-5158D0CD526B}.Debug|Any CPU.Build.0 = Debug|Any CPU
		{7D721D00-13FD-4C67-A4B0-5158D0CD526B}.Release|Any CPU.ActiveCfg = Release|Any CPU
		{7D721D00-13FD-4C67-A4B0-5158D0CD526B}.Release|Any CPU.Build.0 = Release|Any CPU
	EndGlobalSection
	GlobalSection(SolutionProperties) = preSolution
		HideSolutionNode = FALSE
	EndGlobalSection
	GlobalSection(ExtensibilityGlobals) = postSolution
		SolutionGuid = {5102B325-EB55-44CD-87E4-9360E210BF58}
	EndGlobalSection
EndGlobal
